<?xml version="1.0" encoding="utf-8"?>
<Project ToolsVersion="4.0" xmlns="http://schemas.microsoft.com/developer/msbuild/2003">
  <ItemGroup>
    <Filter Include="include">
      <UniqueIdentifier>{69f6de17-fc0f-4988-9e92-a41bcedcc889}</UniqueIdentifier>
    </Filter>
    <Filter Include="src">
      <UniqueIdentifier>{313d4220-e1d7-4469-b5da-103e18da7d7f}</UniqueIdentifier>
    </Filter>
    <Filter Include="resource">
      <UniqueIdentifier>{d04cd725-89f1-4d93-b4e6-c799eec27c1c}</UniqueIdentifier>
    </Filter>
  </ItemGroup>
  <ItemGroup>
    <ClCompile Include="main.cpp">
      <Filter>src</Filter>
    </ClCompile>
  </ItemGroup>
  <ItemGroup>
    <ResourceCompile Include="009图片框.rc">
      <Filter>resource</Filter>
    </ResourceCompile>
  </ItemGroup>
  <ItemGroup>
    <ClInclude Include="resource.h">
      <Filter>include</Filter>
    </ClInclude>
  </ItemGroup>
  <ItemGroup>
    <Image Include="bg1.bmp">
      <Filter>resource</Filter>
    </Image>
    <Image Include="bg2.bmp">
      <Filter>resource</Filter>
    </Image>
    <Image Include="bitmap3.bmp" />
  </ItemGroup>
</Project>