<?xml version="1.0" encoding="utf-8"?>
<Project ToolsVersion="4.0" xmlns="http://schemas.microsoft.com/developer/msbuild/2003">
  <ItemGroup>
    <Filter Include="include">
      <UniqueIdentifier>{7dd8858d-636f-44bc-8ca2-0e61be636785}</UniqueIdentifier>
    </Filter>
    <Filter Include="src">
      <UniqueIdentifier>{8777e3e6-6bd9-4ade-8465-9ef10c495813}</UniqueIdentifier>
    </Filter>
    <Filter Include="resource">
      <UniqueIdentifier>{c293ad64-113a-4f14-b327-b92e859dd437}</UniqueIdentifier>
    </Filter>
  </ItemGroup>
  <ItemGroup>
    <ClCompile Include="main.cpp">
      <Filter>src</Filter>
    </ClCompile>
    <ClCompile Include="Dbg.cpp">
      <Filter>src</Filter>
    </ClCompile>
  </ItemGroup>
  <ItemGroup>
    <ClInclude Include="Dbg.h">
      <Filter>include</Filter>
    </ClInclude>
    <ClInclude Include="resource.h">
      <Filter>include</Filter>
    </ClInclude>
  </ItemGroup>
  <ItemGroup>
    <ResourceCompile Include="012列表控件.rc">
      <Filter>resource</Filter>
    </ResourceCompile>
  </ItemGroup>
  <ItemGroup>
    <Image Include="1.ico">
      <Filter>resource</Filter>
    </Image>
    <Image Include="2.ico">
      <Filter>resource</Filter>
    </Image>
    <Image Include="3.ico">
      <Filter>resource</Filter>
    </Image>
    <Image Include="4.ico">
      <Filter>resource</Filter>
    </Image>
  </ItemGroup>
</Project>