<?xml version="1.0" encoding="utf-8"?>
<Project ToolsVersion="4.0" xmlns="http://schemas.microsoft.com/developer/msbuild/2003">
  <ItemGroup>
    <Filter Include="include">
      <UniqueIdentifier>{8aae27f7-64a6-446f-8416-5d79f34ce6d8}</UniqueIdentifier>
    </Filter>
    <Filter Include="src">
      <UniqueIdentifier>{97115a96-fb61-4ce1-be27-91ae7d4c012d}</UniqueIdentifier>
    </Filter>
    <Filter Include="resource">
      <UniqueIdentifier>{4d71488a-9df6-42a1-b11b-58f9c812b8b1}</UniqueIdentifier>
    </Filter>
  </ItemGroup>
  <ItemGroup>
    <ClCompile Include="main.cpp">
      <Filter>src</Filter>
    </ClCompile>
    <ClCompile Include="MyApp.cpp">
      <Filter>src</Filter>
    </ClCompile>
    <ClCompile Include="MyDialog.cpp">
      <Filter>src</Filter>
    </ClCompile>
  </ItemGroup>
  <ItemGroup>
    <ClInclude Include="MyApp.h">
      <Filter>include</Filter>
    </ClInclude>
    <ClInclude Include="MyDialog.h">
      <Filter>include</Filter>
    </ClInclude>
    <ClInclude Include="resource.h">
      <Filter>include</Filter>
    </ClInclude>
  </ItemGroup>
  <ItemGroup>
    <ResourceCompile Include="001手工构建mfc程序.rc">
      <Filter>resource</Filter>
    </ResourceCompile>
  </ItemGroup>
</Project>