<?xml version="1.0" encoding="utf-8"?>
<Project ToolsVersion="4.0" xmlns="http://schemas.microsoft.com/developer/msbuild/2003">
  <ItemGroup>
    <Filter Include="include">
      <UniqueIdentifier>{ba5b5967-a135-41d1-9e7e-89e65a17ee79}</UniqueIdentifier>
    </Filter>
    <Filter Include="src">
      <UniqueIdentifier>{81c54467-7d66-4097-8670-a936ba87c079}</UniqueIdentifier>
    </Filter>
  </ItemGroup>
  <ItemGroup>
    <ClCompile Include="main.cpp">
      <Filter>src</Filter>
    </ClCompile>
    <ClCompile Include="PEOperation.cpp">
      <Filter>src</Filter>
    </ClCompile>
  </ItemGroup>
  <ItemGroup>
    <ClInclude Include="PEOperation.h">
      <Filter>include</Filter>
    </ClInclude>
  </ItemGroup>
</Project>