<?xml version="1.0" encoding="utf-8"?>
<Project ToolsVersion="4.0" xmlns="http://schemas.microsoft.com/developer/msbuild/2003">
  <ItemGroup>
    <Filter Include="include">
      <UniqueIdentifier>{21b9157f-f405-4016-80c3-4165db52b6db}</UniqueIdentifier>
    </Filter>
    <Filter Include="src">
      <UniqueIdentifier>{7175cdc6-3db6-41b5-b625-f0f8cd6974b7}</UniqueIdentifier>
    </Filter>
    <Filter Include="resource">
      <UniqueIdentifier>{093f59b9-91ff-4b3d-bf0e-95f15fd87bda}</UniqueIdentifier>
    </Filter>
  </ItemGroup>
  <ItemGroup>
    <ClCompile Include="main.cpp">
      <Filter>src</Filter>
    </ClCompile>
    <ClCompile Include="Dbg.cpp">
      <Filter>src</Filter>
    </ClCompile>
  </ItemGroup>
  <ItemGroup>
    <ClInclude Include="Dbg.h">
      <Filter>include</Filter>
    </ClInclude>
    <ClInclude Include="resource1.h">
      <Filter>include</Filter>
    </ClInclude>
  </ItemGroup>
  <ItemGroup>
    <ResourceCompile Include="019画图板_GDI使用总结.rc">
      <Filter>resource</Filter>
    </ResourceCompile>
  </ItemGroup>
</Project>